
Microsoft Visual Studio Solution File, Format Version 12.00
# Visual Studio Version 16
VisualStudioVersion = 16.0.32106.194
MinimumVisualStudioVersion = 10.0.40219.1
Project("{FAE04EC0-301F-11D3-BF4B-00C04F79EFBC}") = "ALUMNI APP", "ALUMNI APP\ALUMNI APP.csproj", "{1A3F8EDD-98DE-4E44-905B-1B3D4ED7D9E3}"
EndProject
Global
	GlobalSection(SolutionConfigurationPlatforms) = preSolution
		Debug|Any CPU = Debug|Any CPU
		Release|Any CPU = Release|Any CPU
	EndGlobalSection
	GlobalSection(ProjectConfigurationPlatforms) = postSolution
		{1A3F8EDD-98DE-4E44-905B-1B3D4ED7D9E3}.Debug|Any CPU.ActiveCfg = Debug|Any CPU
		{1A3F8EDD-98DE-4E44-905B-1B3D4ED7D9E3}.Debug|Any CPU.Build.0 = Debug|Any CPU
		{1A3F8EDD-98DE-4E44-905B-1B3D4ED7D9E3}.Release|Any CPU.ActiveCfg = Release|Any CPU
		{1A3F8EDD-98DE-4E44-905B-1B3D4ED7D9E3}.Release|Any CPU.Build.0 = Release|Any CPU
	EndGlobalSection
	GlobalSection(SolutionProperties) = preSolution
		HideSolutionNode = FALSE
	EndGlobalSection
	GlobalSection(ExtensibilityGlobals) = postSolution
		SolutionGuid = {A0C8AD05-2C90-4F38-A147-08A0B3E3DACE}
	EndGlobalSection
EndGlobal
